// !$*UTF8*$!
{
	archiveVersion = 1;
	classes = {
	};
	objectVersion = 48;
	objects = {

/* Begin PBXBuildFile section */
		FF07E28E227264C4004E40BB /* Item.swift in Sources */ = {isa = PBXBuildFile; fileRef = FF07E28D227264C4004E40BB /* Item.swift */; };
		FF07E290227264D7004E40BB /* ItemCategory.swift in Sources */ = {isa = PBXBuildFile; fileRef = FF07E28F227264D7004E40BB /* ItemCategory.swift */; };
		FF07E292227264EF004E40BB /* ShoppingCart.swift in Sources */ = {isa = PBXBuildFile; fileRef = FF07E291227264EF004E40BB /* ShoppingCart.swift */; };
		FF07E294227264FF004E40BB /* DataModelManager.swift in Sources */ = {isa = PBXBuildFile; fileRef = FF07E293227264FF004E40BB /* DataModelManager.swift */; };
		FF1CA6B32277C6B300C51744 /* ItemCollectionViewCell.swift in Sources */ = {isa = PBXBuildFile; fileRef = FF1CA6B22277C6B300C51744 /* ItemCollectionViewCell.swift */; };
		FF2661DB22752C9000CD356E /* ItemTableViewCell.swift in Sources */ = {isa = PBXBuildFile; fileRef = FF2661DA22752C9000CD356E /* ItemTableViewCell.swift */; };
		FF286EDB2272912A0056CB44 /* ItemBanner.swift in Sources */ = {isa = PBXBuildFile; fileRef = FF286EDA2272912A0056CB44 /* ItemBanner.swift */; };
		FF54A75A226A923C0046B0F5 /* AppDelegate.swift in Sources */ = {isa = PBXBuildFile; fileRef = FF54A759226A923C0046B0F5 /* AppDelegate.swift */; };
		FF54A75C226A923C0046B0F5 /* ShoppingBagViewController.swift in Sources */ = {isa = PBXBuildFile; fileRef = FF54A75B226A923C0046B0F5 /* ShoppingBagViewController.swift */; };
		FF54A75F226A923C0046B0F5 /* Main.storyboard in Resources */ = {isa = PBXBuildFile; fileRef = FF54A75D226A923C0046B0F5 /* Main.storyboard */; };
		FF54A761226A923C0046B0F5 /* Assets.xcassets in Resources */ = {isa = PBXBuildFile; fileRef = FF54A760226A923C0046B0F5 /* Assets.xcassets */; };
		FF54A764226A923C0046B0F5 /* LaunchScreen.storyboard in Resources */ = {isa = PBXBuildFile; fileRef = FF54A762226A923C0046B0F5 /* LaunchScreen.storyboard */; };
		FF54A76D226A94D70046B0F5 /* CheckoutViewController.swift in Sources */ = {isa = PBXBuildFile; fileRef = FF54A76C226A94D70046B0F5 /* CheckoutViewController.swift */; };
		FF54A76F226A9EC70046B0F5 /* MainNavigationController.swift in Sources */ = {isa = PBXBuildFile; fileRef = FF54A76E226A9EC70046B0F5 /* MainNavigationController.swift */; };
		FF56C3EA22811C1B00D58BBF /* ItemQuantityDelegate.swift in Sources */ = {isa = PBXBuildFile; fileRef = FF56C3E922811C1B00D58BBF /* ItemQuantityDelegate.swift */; };
		FF95EBD42274EC6C009EB033 /* BannerCollectionViewCell.swift in Sources */ = {isa = PBXBuildFile; fileRef = FF95EBD32274EC6C009EB033 /* BannerCollectionViewCell.swift */; };
/* End PBXBuildFile section */

/* Begin PBXFileReference section */
		FF07E28D227264C4004E40BB /* Item.swift */ = {isa = PBXFileReference; lastKnownFileType = sourcecode.swift; path = Item.swift; sourceTree = "<group>"; };
		FF07E28F227264D7004E40BB /* ItemCategory.swift */ = {isa = PBXFileReference; lastKnownFileType = sourcecode.swift; path = ItemCategory.swift; sourceTree = "<group>"; };
		FF07E291227264EF004E40BB /* ShoppingCart.swift */ = {isa = PBXFileReference; lastKnownFileType = sourcecode.swift; path = ShoppingCart.swift; sourceTree = "<group>"; };
		FF07E293227264FF004E40BB /* DataModelManager.swift */ = {isa = PBXFileReference; lastKnownFileType = sourcecode.swift; path = DataModelManager.swift; sourceTree = "<group>"; };
		FF1CA6B22277C6B300C51744 /* ItemCollectionViewCell.swift */ = {isa = PBXFileReference; lastKnownFileType = sourcecode.swift; path = ItemCollectionViewCell.swift; sourceTree = "<group>"; };
		FF2661DA22752C9000CD356E /* ItemTableViewCell.swift */ = {isa = PBXFileReference; lastKnownFileType = sourcecode.swift; path = ItemTableViewCell.swift; sourceTree = "<group>"; };
		FF286EDA2272912A0056CB44 /* ItemBanner.swift */ = {isa = PBXFileReference; lastKnownFileType = sourcecode.swift; path = ItemBanner.swift; sourceTree = "<group>"; };
		FF54A756226A923C0046B0F5 /* ShoppingApp.app */ = {isa = PBXFileReference; explicitFileType = wrapper.application; includeInIndex = 0; path = ShoppingApp.app; sourceTree = BUILT_PRODUCTS_DIR; };
		FF54A759226A923C0046B0F5 /* AppDelegate.swift */ = {isa = PBXFileReference; lastKnownFileType = sourcecode.swift; path = AppDelegate.swift; sourceTree = "<group>"; };
		FF54A75B226A923C0046B0F5 /* ShoppingBagViewController.swift */ = {isa = PBXFileReference; lastKnownFileType = sourcecode.swift; path = ShoppingBagViewController.swift; sourceTree = "<group>"; };
		FF54A75E226A923C0046B0F5 /* Base */ = {isa = PBXFileReference; lastKnownFileType = file.storyboard; name = Base; path = Base.lproj/Main.storyboard; sourceTree = "<group>"; };
		FF54A760226A923C0046B0F5 /* Assets.xcassets */ = {isa = PBXFileReference; lastKnownFileType = folder.assetcatalog; path = Assets.xcassets; sourceTree = "<group>"; };
		FF54A763226A923C0046B0F5 /* Base */ = {isa = PBXFileReference; lastKnownFileType = file.storyboard; name = Base; path = Base.lproj/LaunchScreen.storyboard; sourceTree = "<group>"; };
		FF54A765226A923C0046B0F5 /* Info.plist */ = {isa = PBXFileReference; lastKnownFileType = text.plist.xml; path = Info.plist; sourceTree = "<group>"; };
		FF54A76C226A94D70046B0F5 /* CheckoutViewController.swift */ = {isa = PBXFileReference; lastKnownFileType = sourcecode.swift; path = CheckoutViewController.swift; sourceTree = "<group>"; };
		FF54A76E226A9EC70046B0F5 /* MainNavigationController.swift */ = {isa = PBXFileReference; lastKnownFileType = sourcecode.swift; path = MainNavigationController.swift; sourceTree = "<group>"; };
		FF56C3E922811C1B00D58BBF /* ItemQuantityDelegate.swift */ = {isa = PBXFileReference; lastKnownFileType = sourcecode.swift; path = ItemQuantityDelegate.swift; sourceTree = "<group>"; };
		FF95EBD32274EC6C009EB033 /* BannerCollectionViewCell.swift */ = {isa = PBXFileReference; lastKnownFileType = sourcecode.swift; path = BannerCollectionViewCell.swift; sourceTree = "<group>"; };
/* End PBXFileReference section */

/* Begin PBXFrameworksBuildPhase section */
		FF54A753226A923C0046B0F5 /* Frameworks */ = {
			isa = PBXFrameworksBuildPhase;
			buildActionMask = 2147483647;
			files = (
			);
			runOnlyForDeploymentPostprocessing = 0;
		};
/* End PBXFrameworksBuildPhase section */

/* Begin PBXGroup section */
		FF54A74D226A923C0046B0F5 = {
			isa = PBXGroup;
			children = (
				FF54A758226A923C0046B0F5 /* ShoppingApp */,
				FF54A757226A923C0046B0F5 /* Products */,
			);
			sourceTree = "<group>";
		};
		FF54A757226A923C0046B0F5 /* Products */ = {
			isa = PBXGroup;
			children = (
				FF54A756226A923C0046B0F5 /* ShoppingApp.app */,
			);
			name = Products;
			sourceTree = "<group>";
		};
		FF54A758226A923C0046B0F5 /* ShoppingApp */ = {
			isa = PBXGroup;
			children = (
				FF54A76B226A92530046B0F5 /* Supporting Files */,
				FF54A75B226A923C0046B0F5 /* ShoppingBagViewController.swift */,
				FF54A75D226A923C0046B0F5 /* Main.storyboard */,
				FF54A76E226A9EC70046B0F5 /* MainNavigationController.swift */,
				FF95EBD32274EC6C009EB033 /* BannerCollectionViewCell.swift */,
				FF54A76C226A94D70046B0F5 /* CheckoutViewController.swift */,
				FF54A760226A923C0046B0F5 /* Assets.xcassets */,
				FF286EDA2272912A0056CB44 /* ItemBanner.swift */,
				FF07E28D227264C4004E40BB /* Item.swift */,
				FF07E28F227264D7004E40BB /* ItemCategory.swift */,
				FF07E291227264EF004E40BB /* ShoppingCart.swift */,
				FF07E293227264FF004E40BB /* DataModelManager.swift */,
				FF2661DA22752C9000CD356E /* ItemTableViewCell.swift */,
				FF1CA6B22277C6B300C51744 /* ItemCollectionViewCell.swift */,
				FF56C3E922811C1B00D58BBF /* ItemQuantityDelegate.swift */,
			);
			path = ShoppingApp;
			sourceTree = "<group>";
		};
		FF54A76B226A92530046B0F5 /* Supporting Files */ = {
			isa = PBXGroup;
			children = (
				FF54A759226A923C0046B0F5 /* AppDelegate.swift */,
				FF54A762226A923C0046B0F5 /* LaunchScreen.storyboard */,
				FF54A765226A923C0046B0F5 /* Info.plist */,
			);
			name = "Supporting Files";
			sourceTree = "<group>";
		};
/* End PBXGroup section */

/* Begin PBXNativeTarget section */
		FF54A755226A923C0046B0F5 /* ShoppingApp */ = {
			isa = PBXNativeTarget;
			buildConfigurationList = FF54A768226A923C0046B0F5 /* Build configuration list for PBXNativeTarget "ShoppingApp" */;
			buildPhases = (
				FF54A752226A923C0046B0F5 /* Sources */,
				FF54A753226A923C0046B0F5 /* Frameworks */,
				FF54A754226A923C0046B0F5 /* Resources */,
			);
			buildRules = (
			);
			dependencies = (
			);
			name = ShoppingApp;
			productName = ShoppingApp;
			productReference = FF54A756226A923C0046B0F5 /* ShoppingApp.app */;
			productType = "com.apple.product-type.application";
		};
/* End PBXNativeTarget section */

/* Begin PBXProject section */
		FF54A74E226A923C0046B0F5 /* Project object */ = {
			isa = PBXProject;
			attributes = {
				LastSwiftUpdateCheck = 0920;
				LastUpgradeCheck = 0920;
				ORGANIZATIONNAME = "Juan Manuel Gago";
				TargetAttributes = {
					FF54A755226A923C0046B0F5 = {
						CreatedOnToolsVersion = 9.2;
						ProvisioningStyle = Automatic;
					};
				};
			};
			buildConfigurationList = FF54A751226A923C0046B0F5 /* Build configuration list for PBXProject "ShoppingApp" */;
			compatibilityVersion = "Xcode 8.0";
			developmentRegion = en;
			hasScannedForEncodings = 0;
			knownRegions = (
				en,
				Base,
			);
			mainGroup = FF54A74D226A923C0046B0F5;
			productRefGroup = FF54A757226A923C0046B0F5 /* Products */;
			projectDirPath = "";
			projectRoot = "";
			targets = (
				FF54A755226A923C0046B0F5 /* ShoppingApp */,
			);
		};
/* End PBXProject section */

/* Begin PBXResourcesBuildPhase section */
		FF54A754226A923C0046B0F5 /* Resources */ = {
			isa = PBXResourcesBuildPhase;
			buildActionMask = 2147483647;
			files = (
				FF54A764226A923C0046B0F5 /* LaunchScreen.storyboard in Resources */,
				FF54A761226A923C0046B0F5 /* Assets.xcassets in Resources */,
				FF54A75F226A923C0046B0F5 /* Main.storyboard in Resources */,
			);
			runOnlyForDeploymentPostprocessing = 0;
		};
/* End PBXResourcesBuildPhase section */

/* Begin PBXSourcesBuildPhase section */
		FF54A752226A923C0046B0F5 /* Sources */ = {
			isa = PBXSourcesBuildPhase;
			buildActionMask = 2147483647;
			files = (
				FF286EDB2272912A0056CB44 /* ItemBanner.swift in Sources */,
				FF07E28E227264C4004E40BB /* Item.swift in Sources */,
				FF54A75C226A923C0046B0F5 /* ShoppingBagViewController.swift in Sources */,
				FF07E290227264D7004E40BB /* ItemCategory.swift in Sources */,
				FF54A76D226A94D70046B0F5 /* CheckoutViewController.swift in Sources */,
				FF54A76F226A9EC70046B0F5 /* MainNavigationController.swift in Sources */,
				FF54A75A226A923C0046B0F5 /* AppDelegate.swift in Sources */,
				FF07E292227264EF004E40BB /* ShoppingCart.swift in Sources */,
				FF95EBD42274EC6C009EB033 /* BannerCollectionViewCell.swift in Sources */,
				FF1CA6B32277C6B300C51744 /* ItemCollectionViewCell.swift in Sources */,
				FF56C3EA22811C1B00D58BBF /* ItemQuantityDelegate.swift in Sources */,
				FF2661DB22752C9000CD356E /* ItemTableViewCell.swift in Sources */,
				FF07E294227264FF004E40BB /* DataModelManager.swift in Sources */,
			);
			runOnlyForDeploymentPostprocessing = 0;
		};
/* End PBXSourcesBuildPhase section */

/* Begin PBXVariantGroup section */
		FF54A75D226A923C0046B0F5 /* Main.storyboard */ = {
			isa = PBXVariantGroup;
			children = (
				FF54A75E226A923C0046B0F5 /* Base */,
			);
			name = Main.storyboard;
			sourceTree = "<group>";
		};
		FF54A762226A923C0046B0F5 /* LaunchScreen.storyboard */ = {
			isa = PBXVariantGroup;
			children = (
				FF54A763226A923C0046B0F5 /* Base */,
			);
			name = LaunchScreen.storyboard;
			sourceTree = "<group>";
		};
/* End PBXVariantGroup section */

/* Begin XCBuildConfiguration section */
		FF54A766226A923C0046B0F5 /* Debug */ = {
			isa = XCBuildConfiguration;
			buildSettings = {
				ALWAYS_SEARCH_USER_PATHS = NO;
				CLANG_ANALYZER_NONNULL = YES;
				CLANG_ANALYZER_NUMBER_OBJECT_CONVERSION = YES_AGGRESSIVE;
				CLANG_CXX_LANGUAGE_STANDARD = "gnu++14";
				CLANG_CXX_LIBRARY = "libc++";
				CLANG_ENABLE_MODULES = YES;
				CLANG_ENABLE_OBJC_ARC = YES;
				CLANG_WARN_BLOCK_CAPTURE_AUTORELEASING = YES;
				CLANG_WARN_BOOL_CONVERSION = YES;
				CLANG_WARN_COMMA = YES;
				CLANG_WARN_CONSTANT_CONVERSION = YES;
				CLANG_WARN_DIRECT_OBJC_ISA_USAGE = YES_ERROR;
				CLANG_WARN_DOCUMENTATION_COMMENTS = YES;
				CLANG_WARN_EMPTY_BODY = YES;
				CLANG_WARN_ENUM_CONVERSION = YES;
				CLANG_WARN_INFINITE_RECURSION = YES;
				CLANG_WARN_INT_CONVERSION = YES;
				CLANG_WARN_NON_LITERAL_NULL_CONVERSION = YES;
				CLANG_WARN_OBJC_LITERAL_CONVERSION = YES;
				CLANG_WARN_OBJC_ROOT_CLASS = YES_ERROR;
				CLANG_WARN_RANGE_LOOP_ANALYSIS = YES;
				CLANG_WARN_STRICT_PROTOTYPES = YES;
				CLANG_WARN_SUSPICIOUS_MOVE = YES;
				CLANG_WARN_UNGUARDED_AVAILABILITY = YES_AGGRESSIVE;
				CLANG_WARN_UNREACHABLE_CODE = YES;
				CLANG_WARN__DUPLICATE_METHOD_MATCH = YES;
				CODE_SIGN_IDENTITY = "iPhone Developer";
				COPY_PHASE_STRIP = NO;
				DEBUG_INFORMATION_FORMAT = dwarf;
				ENABLE_STRICT_OBJC_MSGSEND = YES;
				ENABLE_TESTABILITY = YES;
				GCC_C_LANGUAGE_STANDARD = gnu11;
				GCC_DYNAMIC_NO_PIC = NO;
				GCC_NO_COMMON_BLOCKS = YES;
				GCC_OPTIMIZATION_LEVEL = 0;
				GCC_PREPROCESSOR_DEFINITIONS = (
					"DEBUG=1",
					"$(inherited)",
				);
				GCC_WARN_64_TO_32_BIT_CONVERSION = YES;
				GCC_WARN_ABOUT_RETURN_TYPE = YES_ERROR;
				GCC_WARN_UNDECLARED_SELECTOR = YES;
				GCC_WARN_UNINITIALIZED_AUTOS = YES_AGGRESSIVE;
				GCC_WARN_UNUSED_FUNCTION = YES;
				GCC_WARN_UNUSED_VARIABLE = YES;
				IPHONEOS_DEPLOYMENT_TARGET = 11.2;
				MTL_ENABLE_DEBUG_INFO = YES;
				ONLY_ACTIVE_ARCH = YES;
				SDKROOT = iphoneos;
				SWIFT_ACTIVE_COMPILATION_CONDITIONS = DEBUG;
				SWIFT_OPTIMIZATION_LEVEL = "-Onone";
			};
			name = Debug;
		};
		FF54A767226A923C0046B0F5 /* Release */ = {
			isa = XCBuildConfiguration;
			buildSettings = {
				ALWAYS_SEARCH_USER_PATHS = NO;
				CLANG_ANALYZER_NONNULL = YES;
				CLANG_ANALYZER_NUMBER_OBJECT_CONVERSION = YES_AGGRESSIVE;
				CLANG_CXX_LANGUAGE_STANDARD = "gnu++14";
				CLANG_CXX_LIBRARY = "libc++";
				CLANG_ENABLE_MODULES = YES;
				CLANG_ENABLE_OBJC_ARC = YES;
				CLANG_WARN_BLOCK_CAPTURE_AUTORELEASING = YES;
				CLANG_WARN_BOOL_CONVERSION = YES;
				CLANG_WARN_COMMA = YES;
				CLANG_WARN_CONSTANT_CONVERSION = YES;
				CLANG_WARN_DIRECT_OBJC_ISA_USAGE = YES_ERROR;
				CLANG_WARN_DOCUMENTATION_COMMENTS = YES;
				CLANG_WARN_EMPTY_BODY = YES;
				CLANG_WARN_ENUM_CONVERSION = YES;
				CLANG_WARN_INFINITE_RECURSION = YES;
				CLANG_WARN_INT_CONVERSION = YES;
				CLANG_WARN_NON_LITERAL_NULL_CONVERSION = YES;
				CLANG_WARN_OBJC_LITERAL_CONVERSION = YES;
				CLANG_WARN_OBJC_ROOT_CLASS = YES_ERROR;
				CLANG_WARN_RANGE_LOOP_ANALYSIS = YES;
				CLANG_WARN_STRICT_PROTOTYPES = YES;
				CLANG_WARN_SUSPICIOUS_MOVE = YES;
				CLANG_WARN_UNGUARDED_AVAILABILITY = YES_AGGRESSIVE;
				CLANG_WARN_UNREACHABLE_CODE = YES;
				CLANG_WARN__DUPLICATE_METHOD_MATCH = YES;
				CODE_SIGN_IDENTITY = "iPhone Developer";
				COPY_PHASE_STRIP = NO;
				DEBUG_INFORMATION_FORMAT = "dwarf-with-dsym";
				ENABLE_NS_ASSERTIONS = NO;
				ENABLE_STRICT_OBJC_MSGSEND = YES;
				GCC_C_LANGUAGE_STANDARD = gnu11;
				GCC_NO_COMMON_BLOCKS = YES;
				GCC_WARN_64_TO_32_BIT_CONVERSION = YES;
				GCC_WARN_ABOUT_RETURN_TYPE = YES_ERROR;
				GCC_WARN_UNDECLARED_SELECTOR = YES;
				GCC_WARN_UNINITIALIZED_AUTOS = YES_AGGRESSIVE;
				GCC_WARN_UNUSED_FUNCTION = YES;
				GCC_WARN_UNUSED_VARIABLE = YES;
				IPHONEOS_DEPLOYMENT_TARGET = 11.2;
				MTL_ENABLE_DEBUG_INFO = NO;
				SDKROOT = iphoneos;
				SWIFT_OPTIMIZATION_LEVEL = "-Owholemodule";
				VALIDATE_PRODUCT = YES;
			};
			name = Release;
		};
		FF54A769226A923C0046B0F5 /* Debug */ = {
			isa = XCBuildConfiguration;
			buildSettings = {
				ASSETCATALOG_COMPILER_APPICON_NAME = AppIcon;
				CODE_SIGN_STYLE = Automatic;
				DEVELOPMENT_TEAM = LKM889R6J6;
				INFOPLIST_FILE = ShoppingApp/Info.plist;
				LD_RUNPATH_SEARCH_PATHS = "$(inherited) @executable_path/Frameworks";
				PRODUCT_BUNDLE_IDENTIFIER = juanmanuelgago.ShoppingApp;
				PRODUCT_NAME = "$(TARGET_NAME)";
				SWIFT_VERSION = 4.0;
				TARGETED_DEVICE_FAMILY = "1,2";
			};
			name = Debug;
		};
		FF54A76A226A923C0046B0F5 /* Release */ = {
			isa = XCBuildConfiguration;
			buildSettings = {
				ASSETCATALOG_COMPILER_APPICON_NAME = AppIcon;
				CODE_SIGN_STYLE = Automatic;
				DEVELOPMENT_TEAM = LKM889R6J6;
				INFOPLIST_FILE = ShoppingApp/Info.plist;
				LD_RUNPATH_SEARCH_PATHS = "$(inherited) @executable_path/Frameworks";
				PRODUCT_BUNDLE_IDENTIFIER = juanmanuelgago.ShoppingApp;
				PRODUCT_NAME = "$(TARGET_NAME)";
				SWIFT_VERSION = 4.0;
				TARGETED_DEVICE_FAMILY = "1,2";
			};
			name = Release;
		};
/* End XCBuildConfiguration section */

/* Begin XCConfigurationList section */
		FF54A751226A923C0046B0F5 /* Build configuration list for PBXProject "ShoppingApp" */ = {
			isa = XCConfigurationList;
			buildConfigurations = (
				FF54A766226A923C0046B0F5 /* Debug */,
				FF54A767226A923C0046B0F5 /* Release */,
			);
			defaultConfigurationIsVisible = 0;
			defaultConfigurationName = Release;
		};
		FF54A768226A923C0046B0F5 /* Build configuration list for PBXNativeTarget "ShoppingApp" */ = {
			isa = XCConfigurationList;
			buildConfigurations = (
				FF54A769226A923C0046B0F5 /* Debug */,
				FF54A76A226A923C0046B0F5 /* Release */,
			);
			defaultConfigurationIsVisible = 0;
			defaultConfigurationName = Release;
		};
/* End XCConfigurationList section */
	};
	rootObject = FF54A74E226A923C0046B0F5 /* Project object */;
}
